
Microsoft Visual Studio Solution File, Format Version 12.00
# Visual Studio Version 17
VisualStudioVersion = 17.8.34525.116
MinimumVisualStudioVersion = 10.0.40219.1
Project("{FAE04EC0-301F-11D3-BF4B-00C04F79EFBC}") = "SP_HW_18_07", "SP_HW_18_07.csproj", "{D3E1DDEF-0191-44B9-8717-8BC3CB405097}"
EndProject
Global
	GlobalSection(SolutionConfigurationPlatforms) = preSolution
		Debug|Any CPU = Debug|Any CPU
		Release|Any CPU = Release|Any CPU
	EndGlobalSection
	GlobalSection(ProjectConfigurationPlatforms) = postSolution
		{D3E1DDEF-0191-44B9-8717-8BC3CB405097}.Debug|Any CPU.ActiveCfg = Debug|Any CPU
		{D3E1DDEF-0191-44B9-8717-8BC3CB405097}.Debug|Any CPU.Build.0 = Debug|Any CPU
		{D3E1DDEF-0191-44B9-8717-8BC3CB405097}.Release|Any CPU.ActiveCfg = Release|Any CPU
		{D3E1DDEF-0191-44B9-8717-8BC3CB405097}.Release|Any CPU.Build.0 = Release|Any CPU
	EndGlobalSection
	GlobalSection(SolutionProperties) = preSolution
		HideSolutionNode = FALSE
	EndGlobalSection
	GlobalSection(ExtensibilityGlobals) = postSolution
		SolutionGuid = {C60BD6C7-C10B-4CEE-8D53-F31DC315BAAB}
	EndGlobalSection
EndGlobal
